
Microsoft Visual Studio Solution File, Format Version 12.00
# Visual Studio Version 17
VisualStudioVersion = 17.13.35828.75
MinimumVisualStudioVersion = 10.0.40219.1
Project("{FAE04EC0-301F-11D3-BF4B-00C04F79EFBC}") = "SimpleStateMachine", "SimpleStateMachine\SimpleStateMachine.csproj", "{1E60CEDD-03ED-485E-B03A-15DFEC0B1FD5}"
EndProject
Project("{FAE04EC0-301F-11D3-BF4B-00C04F79EFBC}") = "SimpleStateMachine.Console", "SimpleStateMachine.Console\SimpleStateMachine.Console.csproj", "{132A8592-92F7-49C7-880D-61F92ECB8B15}"
EndProject
Project("{2150E333-8FDC-42A3-9474-1A3956D46DE8}") = "Solution Items", "Solution Items", "{8EC462FD-D22E-90A8-E5CE-7E832BA40C5D}"
	ProjectSection(SolutionItems) = preProject
		.gitignore = .gitignore
		README.md = README.md
	EndProjectSection
EndProject
Project("{FAE04EC0-301F-11D3-BF4B-00C04F79EFBC}") = "SimpleStateMachine.Extensions", "SimpleStateMachine.Extensions\SimpleStateMachine.Extensions.csproj", "{7468DC83-8102-47FA-B45A-C53AE15B4B5E}"
EndProject
Global
	GlobalSection(SolutionConfigurationPlatforms) = preSolution
		Debug|Any CPU = Debug|Any CPU
		Release|Any CPU = Release|Any CPU
	EndGlobalSection
	GlobalSection(ProjectConfigurationPlatforms) = postSolution
		{1E60CEDD-03ED-485E-B03A-15DFEC0B1FD5}.Debug|Any CPU.ActiveCfg = Debug|Any CPU
		{1E60CEDD-03ED-485E-B03A-15DFEC0B1FD5}.Debug|Any CPU.Build.0 = Debug|Any CPU
		{1E60CEDD-03ED-485E-B03A-15DFEC0B1FD5}.Release|Any CPU.ActiveCfg = Release|Any CPU
		{1E60CEDD-03ED-485E-B03A-15DFEC0B1FD5}.Release|Any CPU.Build.0 = Release|Any CPU
		{132A8592-92F7-49C7-880D-61F92ECB8B15}.Debug|Any CPU.ActiveCfg = Debug|Any CPU
		{132A8592-92F7-49C7-880D-61F92ECB8B15}.Debug|Any CPU.Build.0 = Debug|Any CPU
		{132A8592-92F7-49C7-880D-61F92ECB8B15}.Release|Any CPU.ActiveCfg = Release|Any CPU
		{132A8592-92F7-49C7-880D-61F92ECB8B15}.Release|Any CPU.Build.0 = Release|Any CPU
		{7468DC83-8102-47FA-B45A-C53AE15B4B5E}.Debug|Any CPU.ActiveCfg = Debug|Any CPU
		{7468DC83-8102-47FA-B45A-C53AE15B4B5E}.Debug|Any CPU.Build.0 = Debug|Any CPU
		{7468DC83-8102-47FA-B45A-C53AE15B4B5E}.Release|Any CPU.ActiveCfg = Release|Any CPU
		{7468DC83-8102-47FA-B45A-C53AE15B4B5E}.Release|Any CPU.Build.0 = Release|Any CPU
	EndGlobalSection
	GlobalSection(SolutionProperties) = preSolution
		HideSolutionNode = FALSE
	EndGlobalSection
	GlobalSection(ExtensibilityGlobals) = postSolution
		SolutionGuid = {C3580CDC-3A0F-45CC-9C6E-E23EA714D851}
	EndGlobalSection
EndGlobal
